
Microsoft Visual Studio Solution File, Format Version 12.00
# Visual Studio Version 17
VisualStudioVersion = 17.14.36327.8
MinimumVisualStudioVersion = 10.0.40219.1
Project("{FAE04EC0-301F-11D3-BF4B-00C04F79EFBC}") = "University.EntityFramework", "University.EntityFramework\University.EntityFramework.csproj", "{91AD0789-A20A-4410-863B-0397852E6455}"
EndProject
Project("{FAE04EC0-301F-11D3-BF4B-00C04F79EFBC}") = "University.WebApi", "University.WebApi\University.WebApi.csproj", "{8AC0F11F-9684-4210-B978-3355449F9023}"
EndProject
Project("{FAE04EC0-301F-11D3-BF4B-00C04F79EFBC}") = "University.WebApi.Services", "University.WebApi.Services\University.WebApi.Services.csproj", "{79C65391-ECBA-4B69-810F-2F625D873B19}"
EndProject
Global
	GlobalSection(SolutionConfigurationPlatforms) = preSolution
		Debug|Any CPU = Debug|Any CPU
		Release|Any CPU = Release|Any CPU
	EndGlobalSection
	GlobalSection(ProjectConfigurationPlatforms) = postSolution
		{91AD0789-A20A-4410-863B-0397852E6455}.Debug|Any CPU.ActiveCfg = Debug|Any CPU
		{91AD0789-A20A-4410-863B-0397852E6455}.Debug|Any CPU.Build.0 = Debug|Any CPU
		{91AD0789-A20A-4410-863B-0397852E6455}.Release|Any CPU.ActiveCfg = Release|Any CPU
		{91AD0789-A20A-4410-863B-0397852E6455}.Release|Any CPU.Build.0 = Release|Any CPU
		{8AC0F11F-9684-4210-B978-3355449F9023}.Debug|Any CPU.ActiveCfg = Debug|Any CPU
		{8AC0F11F-9684-4210-B978-3355449F9023}.Debug|Any CPU.Build.0 = Debug|Any CPU
		{8AC0F11F-9684-4210-B978-3355449F9023}.Release|Any CPU.ActiveCfg = Release|Any CPU
		{8AC0F11F-9684-4210-B978-3355449F9023}.Release|Any CPU.Build.0 = Release|Any CPU
		{79C65391-ECBA-4B69-810F-2F625D873B19}.Debug|Any CPU.ActiveCfg = Debug|Any CPU
		{79C65391-ECBA-4B69-810F-2F625D873B19}.Debug|Any CPU.Build.0 = Debug|Any CPU
		{79C65391-ECBA-4B69-810F-2F625D873B19}.Release|Any CPU.ActiveCfg = Release|Any CPU
		{79C65391-ECBA-4B69-810F-2F625D873B19}.Release|Any CPU.Build.0 = Release|Any CPU
	EndGlobalSection
	GlobalSection(SolutionProperties) = preSolution
		HideSolutionNode = FALSE
	EndGlobalSection
	GlobalSection(ExtensibilityGlobals) = postSolution
		SolutionGuid = {851F4DB9-A1E1-495A-B0DD-2142A32F377A}
	EndGlobalSection
EndGlobal
